// !$*UTF8*$!
{
	archiveVersion = 1;
	classes = {
	};
	objectVersion = 50;
	objects = {

/* Begin PBXBuildFile section */
		1F1CF967240622A500828426 /* Shape+Divided.swift in Sources */ = {isa = PBXBuildFile; fileRef = 1F1CF966240622A500828426 /* Shape+Divided.swift */; };
		1F2379B323D83BD900B4E79E /* Bar.swift in Sources */ = {isa = PBXBuildFile; fileRef = 1F2379B223D83BD900B4E79E /* Bar.swift */; };
		1F2379B523D83C2400B4E79E /* BarChart.swift in Sources */ = {isa = PBXBuildFile; fileRef = 1F2379B423D83C2400B4E79E /* BarChart.swift */; };
		1F2379B723D84C0E00B4E79E /* Piece.swift in Sources */ = {isa = PBXBuildFile; fileRef = 1F2379B623D84C0E00B4E79E /* Piece.swift */; };
		1F3998FB23D6958700E6BBD9 /* AppDelegate.swift in Sources */ = {isa = PBXBuildFile; fileRef = 1F3998FA23D6958700E6BBD9 /* AppDelegate.swift */; };
		1F3998FD23D6958700E6BBD9 /* SceneDelegate.swift in Sources */ = {isa = PBXBuildFile; fileRef = 1F3998FC23D6958700E6BBD9 /* SceneDelegate.swift */; };
		1F39990023D6958700E6BBD9 /* Alfheim.xcdatamodeld in Sources */ = {isa = PBXBuildFile; fileRef = 1F3998FE23D6958700E6BBD9 /* Alfheim.xcdatamodeld */; };
		1F39990423D6958800E6BBD9 /* Assets.xcassets in Resources */ = {isa = PBXBuildFile; fileRef = 1F39990323D6958800E6BBD9 /* Assets.xcassets */; };
		1F39990723D6958800E6BBD9 /* Preview Assets.xcassets in Resources */ = {isa = PBXBuildFile; fileRef = 1F39990623D6958800E6BBD9 /* Preview Assets.xcassets */; };
		1F39990A23D6958800E6BBD9 /* LaunchScreen.storyboard in Resources */ = {isa = PBXBuildFile; fileRef = 1F39990823D6958800E6BBD9 /* LaunchScreen.storyboard */; };
		1F39991523D6958800E6BBD9 /* AlfheimTests.swift in Sources */ = {isa = PBXBuildFile; fileRef = 1F39991423D6958800E6BBD9 /* AlfheimTests.swift */; };
		1F39992423D695EE00E6BBD9 /* Line.swift in Sources */ = {isa = PBXBuildFile; fileRef = 1F39992023D695EE00E6BBD9 /* Line.swift */; };
		1F39992623D695EE00E6BBD9 /* LineChart.swift in Sources */ = {isa = PBXBuildFile; fileRef = 1F39992223D695EE00E6BBD9 /* LineChart.swift */; };
		1F39992723D695EE00E6BBD9 /* Path+QuadCurve.swift in Sources */ = {isa = PBXBuildFile; fileRef = 1F39992323D695EE00E6BBD9 /* Path+QuadCurve.swift */; };
		1F39992923D6963600E6BBD9 /* Indicator.swift in Sources */ = {isa = PBXBuildFile; fileRef = 1F39992823D6963600E6BBD9 /* Indicator.swift */; };
		1F39992B23D697F700E6BBD9 /* UnitData.swift in Sources */ = {isa = PBXBuildFile; fileRef = 1F39992A23D697F700E6BBD9 /* UnitData.swift */; };
		1F39992D23D69C0700E6BBD9 /* Colors.xcassets in Resources */ = {isa = PBXBuildFile; fileRef = 1F39992C23D69C0700E6BBD9 /* Colors.xcassets */; };
		1F39993123D6A0A400E6BBD9 /* OverviewView.swift in Sources */ = {isa = PBXBuildFile; fileRef = 1F39993023D6A0A400E6BBD9 /* OverviewView.swift */; };
		1F39993323D6D53200E6BBD9 /* QuadCurve.swift in Sources */ = {isa = PBXBuildFile; fileRef = 1F39993223D6D53200E6BBD9 /* QuadCurve.swift */; };
		1F39995723D7F34E00E6BBD9 /* Pie.swift in Sources */ = {isa = PBXBuildFile; fileRef = 1F39995623D7F34E00E6BBD9 /* Pie.swift */; };
		1F39995A23D7F75500E6BBD9 /* Slice.swift in Sources */ = {isa = PBXBuildFile; fileRef = 1F39995923D7F75500E6BBD9 /* Slice.swift */; };
		1F39995C23D7FCF500E6BBD9 /* Sector.swift in Sources */ = {isa = PBXBuildFile; fileRef = 1F39995B23D7FCF500E6BBD9 /* Sector.swift */; };
		1F39995E23D805C600E6BBD9 /* PieChart.swift in Sources */ = {isa = PBXBuildFile; fileRef = 1F39995D23D805C600E6BBD9 /* PieChart.swift */; };
		782403EC23F2E48000478338 /* AppAction.swift in Sources */ = {isa = PBXBuildFile; fileRef = 782403EB23F2E48000478338 /* AppAction.swift */; };
		782403EE23F2E55100478338 /* AppError.swift in Sources */ = {isa = PBXBuildFile; fileRef = 782403ED23F2E55100478338 /* AppError.swift */; };
		782403F023F2E5FF00478338 /* Redux.swift in Sources */ = {isa = PBXBuildFile; fileRef = 782403EF23F2E5FF00478338 /* Redux.swift */; };
		782403F223F5A3F300478338 /* StatisticsView.swift in Sources */ = {isa = PBXBuildFile; fileRef = 782403F123F5A3F300478338 /* StatisticsView.swift */; };
		782403F423F6D79F00478338 /* TransactionRow.swift in Sources */ = {isa = PBXBuildFile; fileRef = 782403F323F6D79F00478338 /* TransactionRow.swift */; };
		782403F623F6DBAF00478338 /* TransactionsView.swift in Sources */ = {isa = PBXBuildFile; fileRef = 782403F523F6DBAF00478338 /* TransactionsView.swift */; };
		782403F823F83A6600478338 /* AccountDetail.swift in Sources */ = {isa = PBXBuildFile; fileRef = 782403F723F83A6600478338 /* AccountDetail.swift */; };
		788863EF23F2A3D00037210B /* AppState.swift in Sources */ = {isa = PBXBuildFile; fileRef = 788863EE23F2A3D00037210B /* AppState.swift */; };
		788863F223F2A3F70037210B /* AppStore.swift in Sources */ = {isa = PBXBuildFile; fileRef = 788863F123F2A3F70037210B /* AppStore.swift */; };
		788863F423F2A6320037210B /* AppReducer.swift in Sources */ = {isa = PBXBuildFile; fileRef = 788863F323F2A6320037210B /* AppReducer.swift */; };
		788863F623F2A85D0037210B /* AppCommand.swift in Sources */ = {isa = PBXBuildFile; fileRef = 788863F523F2A85D0037210B /* AppCommand.swift */; };
		789E8E6723E807CA006D180B /* EditorView.swift in Sources */ = {isa = PBXBuildFile; fileRef = 789E8E6623E807CA006D180B /* EditorView.swift */; };
		789E8E6923E80FFC006D180B /* Transaction.swift in Sources */ = {isa = PBXBuildFile; fileRef = 789E8E6823E80FFC006D180B /* Transaction.swift */; };
		789E8E6C23E810A6006D180B /* Account.swift in Sources */ = {isa = PBXBuildFile; fileRef = 789E8E6B23E810A6006D180B /* Account.swift */; };
		789E8E7023EA96FC006D180B /* TransactionList.swift in Sources */ = {isa = PBXBuildFile; fileRef = 789E8E6F23EA96FC006D180B /* TransactionList.swift */; };
		FACF2A7623FFCFA2003BB675 /* ComposerView.swift in Sources */ = {isa = PBXBuildFile; fileRef = FACF2A7523FFCFA2003BB675 /* ComposerView.swift */; };
		FACF2A7823FFD179003BB675 /* StatisticList.swift in Sources */ = {isa = PBXBuildFile; fileRef = FACF2A7723FFD179003BB675 /* StatisticList.swift */; };
		FACF2A7A23FFD2B7003BB675 /* AccountDetailList.swift in Sources */ = {isa = PBXBuildFile; fileRef = FACF2A7923FFD2B7003BB675 /* AccountDetailList.swift */; };
/* End PBXBuildFile section */

/* Begin PBXContainerItemProxy section */
		1F39991123D6958800E6BBD9 /* PBXContainerItemProxy */ = {
			isa = PBXContainerItemProxy;
			containerPortal = 1F3998EF23D6958700E6BBD9 /* Project object */;
			proxyType = 1;
			remoteGlobalIDString = 1F3998F623D6958700E6BBD9;
			remoteInfo = Alfheim;
		};
/* End PBXContainerItemProxy section */

/* Begin PBXFileReference section */
		1F1CF966240622A500828426 /* Shape+Divided.swift */ = {isa = PBXFileReference; lastKnownFileType = sourcecode.swift; path = "Shape+Divided.swift"; sourceTree = "<group>"; };
		1F2379B223D83BD900B4E79E /* Bar.swift */ = {isa = PBXFileReference; lastKnownFileType = sourcecode.swift; path = Bar.swift; sourceTree = "<group>"; };
		1F2379B423D83C2400B4E79E /* BarChart.swift */ = {isa = PBXFileReference; lastKnownFileType = sourcecode.swift; path = BarChart.swift; sourceTree = "<group>"; };
		1F2379B623D84C0E00B4E79E /* Piece.swift */ = {isa = PBXFileReference; lastKnownFileType = sourcecode.swift; path = Piece.swift; sourceTree = "<group>"; };
		1F3998F723D6958700E6BBD9 /* Alfheim.app */ = {isa = PBXFileReference; explicitFileType = wrapper.application; includeInIndex = 0; path = Alfheim.app; sourceTree = BUILT_PRODUCTS_DIR; };
		1F3998FA23D6958700E6BBD9 /* AppDelegate.swift */ = {isa = PBXFileReference; lastKnownFileType = sourcecode.swift; name = AppDelegate.swift; path = ../AppDelegate.swift; sourceTree = "<group>"; };
		1F3998FC23D6958700E6BBD9 /* SceneDelegate.swift */ = {isa = PBXFileReference; lastKnownFileType = sourcecode.swift; name = SceneDelegate.swift; path = ../SceneDelegate.swift; sourceTree = "<group>"; };
		1F3998FF23D6958700E6BBD9 /* Alfheim.xcdatamodel */ = {isa = PBXFileReference; lastKnownFileType = wrapper.xcdatamodel; path = Alfheim.xcdatamodel; sourceTree = "<group>"; };
		1F39990323D6958800E6BBD9 /* Assets.xcassets */ = {isa = PBXFileReference; lastKnownFileType = folder.assetcatalog; path = Assets.xcassets; sourceTree = "<group>"; };
		1F39990623D6958800E6BBD9 /* Preview Assets.xcassets */ = {isa = PBXFileReference; lastKnownFileType = folder.assetcatalog; path = "Preview Assets.xcassets"; sourceTree = "<group>"; };
		1F39990923D6958800E6BBD9 /* Base */ = {isa = PBXFileReference; lastKnownFileType = file.storyboard; name = Base; path = Base.lproj/LaunchScreen.storyboard; sourceTree = "<group>"; };
		1F39990B23D6958800E6BBD9 /* Info.plist */ = {isa = PBXFileReference; lastKnownFileType = text.plist.xml; path = Info.plist; sourceTree = "<group>"; };
		1F39991023D6958800E6BBD9 /* AlfheimTests.xctest */ = {isa = PBXFileReference; explicitFileType = wrapper.cfbundle; includeInIndex = 0; path = AlfheimTests.xctest; sourceTree = BUILT_PRODUCTS_DIR; };
		1F39991423D6958800E6BBD9 /* AlfheimTests.swift */ = {isa = PBXFileReference; lastKnownFileType = sourcecode.swift; path = AlfheimTests.swift; sourceTree = "<group>"; };
		1F39991623D6958800E6BBD9 /* Info.plist */ = {isa = PBXFileReference; lastKnownFileType = text.plist.xml; path = Info.plist; sourceTree = "<group>"; };
		1F39992023D695EE00E6BBD9 /* Line.swift */ = {isa = PBXFileReference; fileEncoding = 4; lastKnownFileType = sourcecode.swift; path = Line.swift; sourceTree = "<group>"; };
		1F39992223D695EE00E6BBD9 /* LineChart.swift */ = {isa = PBXFileReference; fileEncoding = 4; lastKnownFileType = sourcecode.swift; path = LineChart.swift; sourceTree = "<group>"; };
		1F39992323D695EE00E6BBD9 /* Path+QuadCurve.swift */ = {isa = PBXFileReference; fileEncoding = 4; lastKnownFileType = sourcecode.swift; path = "Path+QuadCurve.swift"; sourceTree = "<group>"; };
		1F39992823D6963600E6BBD9 /* Indicator.swift */ = {isa = PBXFileReference; lastKnownFileType = sourcecode.swift; path = Indicator.swift; sourceTree = "<group>"; };
		1F39992A23D697F700E6BBD9 /* UnitData.swift */ = {isa = PBXFileReference; lastKnownFileType = sourcecode.swift; path = UnitData.swift; sourceTree = "<group>"; };
		1F39992C23D69C0700E6BBD9 /* Colors.xcassets */ = {isa = PBXFileReference; lastKnownFileType = folder.assetcatalog; path = Colors.xcassets; sourceTree = "<group>"; };
		1F39993023D6A0A400E6BBD9 /* OverviewView.swift */ = {isa = PBXFileReference; lastKnownFileType = sourcecode.swift; path = OverviewView.swift; sourceTree = "<group>"; };
		1F39993223D6D53200E6BBD9 /* QuadCurve.swift */ = {isa = PBXFileReference; lastKnownFileType = sourcecode.swift; path = QuadCurve.swift; sourceTree = "<group>"; };
		1F39995623D7F34E00E6BBD9 /* Pie.swift */ = {isa = PBXFileReference; lastKnownFileType = sourcecode.swift; path = Pie.swift; sourceTree = "<group>"; };
		1F39995923D7F75500E6BBD9 /* Slice.swift */ = {isa = PBXFileReference; lastKnownFileType = sourcecode.swift; path = Slice.swift; sourceTree = "<group>"; };
		1F39995B23D7FCF500E6BBD9 /* Sector.swift */ = {isa = PBXFileReference; lastKnownFileType = sourcecode.swift; path = Sector.swift; sourceTree = "<group>"; };
		1F39995D23D805C600E6BBD9 /* PieChart.swift */ = {isa = PBXFileReference; lastKnownFileType = sourcecode.swift; path = PieChart.swift; sourceTree = "<group>"; };
		782403EB23F2E48000478338 /* AppAction.swift */ = {isa = PBXFileReference; lastKnownFileType = sourcecode.swift; path = AppAction.swift; sourceTree = "<group>"; };
		782403ED23F2E55100478338 /* AppError.swift */ = {isa = PBXFileReference; lastKnownFileType = sourcecode.swift; path = AppError.swift; sourceTree = "<group>"; };
		782403EF23F2E5FF00478338 /* Redux.swift */ = {isa = PBXFileReference; lastKnownFileType = sourcecode.swift; path = Redux.swift; sourceTree = "<group>"; };
		782403F123F5A3F300478338 /* StatisticsView.swift */ = {isa = PBXFileReference; lastKnownFileType = sourcecode.swift; path = StatisticsView.swift; sourceTree = "<group>"; };
		782403F323F6D79F00478338 /* TransactionRow.swift */ = {isa = PBXFileReference; lastKnownFileType = sourcecode.swift; path = TransactionRow.swift; sourceTree = "<group>"; };
		782403F523F6DBAF00478338 /* TransactionsView.swift */ = {isa = PBXFileReference; lastKnownFileType = sourcecode.swift; path = TransactionsView.swift; sourceTree = "<group>"; };
		782403F723F83A6600478338 /* AccountDetail.swift */ = {isa = PBXFileReference; lastKnownFileType = sourcecode.swift; path = AccountDetail.swift; sourceTree = "<group>"; };
		788863EE23F2A3D00037210B /* AppState.swift */ = {isa = PBXFileReference; lastKnownFileType = sourcecode.swift; path = AppState.swift; sourceTree = "<group>"; };
		788863F123F2A3F70037210B /* AppStore.swift */ = {isa = PBXFileReference; lastKnownFileType = sourcecode.swift; path = AppStore.swift; sourceTree = "<group>"; };
		788863F323F2A6320037210B /* AppReducer.swift */ = {isa = PBXFileReference; lastKnownFileType = sourcecode.swift; path = AppReducer.swift; sourceTree = "<group>"; };
		788863F523F2A85D0037210B /* AppCommand.swift */ = {isa = PBXFileReference; lastKnownFileType = sourcecode.swift; path = AppCommand.swift; sourceTree = "<group>"; };
		789E8E6623E807CA006D180B /* EditorView.swift */ = {isa = PBXFileReference; lastKnownFileType = sourcecode.swift; path = EditorView.swift; sourceTree = "<group>"; };
		789E8E6823E80FFC006D180B /* Transaction.swift */ = {isa = PBXFileReference; lastKnownFileType = sourcecode.swift; path = Transaction.swift; sourceTree = "<group>"; };
		789E8E6B23E810A6006D180B /* Account.swift */ = {isa = PBXFileReference; lastKnownFileType = sourcecode.swift; path = Account.swift; sourceTree = "<group>"; };
		789E8E6F23EA96FC006D180B /* TransactionList.swift */ = {isa = PBXFileReference; lastKnownFileType = sourcecode.swift; path = TransactionList.swift; sourceTree = "<group>"; };
		FACF2A7523FFCFA2003BB675 /* ComposerView.swift */ = {isa = PBXFileReference; lastKnownFileType = sourcecode.swift; path = ComposerView.swift; sourceTree = "<group>"; };
		FACF2A7723FFD179003BB675 /* StatisticList.swift */ = {isa = PBXFileReference; lastKnownFileType = sourcecode.swift; path = StatisticList.swift; sourceTree = "<group>"; };
		FACF2A7923FFD2B7003BB675 /* AccountDetailList.swift */ = {isa = PBXFileReference; lastKnownFileType = sourcecode.swift; path = AccountDetailList.swift; sourceTree = "<group>"; };
/* End PBXFileReference section */

/* Begin PBXFrameworksBuildPhase section */
		1F3998F423D6958700E6BBD9 /* Frameworks */ = {
			isa = PBXFrameworksBuildPhase;
			buildActionMask = 2147483647;
			files = (
			);
			runOnlyForDeploymentPostprocessing = 0;
		};
		1F39990D23D6958800E6BBD9 /* Frameworks */ = {
			isa = PBXFrameworksBuildPhase;
			buildActionMask = 2147483647;
			files = (
			);
			runOnlyForDeploymentPostprocessing = 0;
		};
/* End PBXFrameworksBuildPhase section */

/* Begin PBXGroup section */
		1F2379B123D83B8500B4E79E /* Bar */ = {
			isa = PBXGroup;
			children = (
				1F2379B423D83C2400B4E79E /* BarChart.swift */,
				1F2379B223D83BD900B4E79E /* Bar.swift */,
				1F2379B623D84C0E00B4E79E /* Piece.swift */,
				1F1CF966240622A500828426 /* Shape+Divided.swift */,
			);
			path = Bar;
			sourceTree = "<group>";
		};
		1F3998EE23D6958700E6BBD9 = {
			isa = PBXGroup;
			children = (
				1F3998F923D6958700E6BBD9 /* Alfheim */,
				1F39991323D6958800E6BBD9 /* AlfheimTests */,
				1F3998F823D6958700E6BBD9 /* Products */,
			);
			sourceTree = "<group>";
		};
		1F3998F823D6958700E6BBD9 /* Products */ = {
			isa = PBXGroup;
			children = (
				1F3998F723D6958700E6BBD9 /* Alfheim.app */,
				1F39991023D6958800E6BBD9 /* AlfheimTests.xctest */,
			);
			name = Products;
			sourceTree = "<group>";
		};
		1F3998F923D6958700E6BBD9 /* Alfheim */ = {
			isa = PBXGroup;
			children = (
				1F39992E23D6A05800E6BBD9 /* App */,
				788863F023F2A3EE0037210B /* Redux */,
				789E8E6A23E81093006D180B /* Models */,
				1F39992F23D6A06100E6BBD9 /* Views */,
				1F39991F23D695BC00E6BBD9 /* Charts */,
				1F39990323D6958800E6BBD9 /* Assets.xcassets */,
				1F39992C23D69C0700E6BBD9 /* Colors.xcassets */,
				1F39990823D6958800E6BBD9 /* LaunchScreen.storyboard */,
				1F39990B23D6958800E6BBD9 /* Info.plist */,
				1F3998FE23D6958700E6BBD9 /* Alfheim.xcdatamodeld */,
				1F39990523D6958800E6BBD9 /* Preview Content */,
			);
			path = Alfheim;
			sourceTree = "<group>";
		};
		1F39990523D6958800E6BBD9 /* Preview Content */ = {
			isa = PBXGroup;
			children = (
				1F39990623D6958800E6BBD9 /* Preview Assets.xcassets */,
			);
			path = "Preview Content";
			sourceTree = "<group>";
		};
		1F39991323D6958800E6BBD9 /* AlfheimTests */ = {
			isa = PBXGroup;
			children = (
				1F39991423D6958800E6BBD9 /* AlfheimTests.swift */,
				1F39991623D6958800E6BBD9 /* Info.plist */,
			);
			path = AlfheimTests;
			sourceTree = "<group>";
		};
		1F39991F23D695BC00E6BBD9 /* Charts */ = {
			isa = PBXGroup;
			children = (
				1F39992A23D697F700E6BBD9 /* UnitData.swift */,
				1F2379B123D83B8500B4E79E /* Bar */,
				1F39995523D7F32600E6BBD9 /* Line */,
				1F39995823D7F35300E6BBD9 /* Pie */,
			);
			path = Charts;
			sourceTree = "<group>";
		};
		1F39992E23D6A05800E6BBD9 /* App */ = {
			isa = PBXGroup;
			children = (
				1F3998FA23D6958700E6BBD9 /* AppDelegate.swift */,
				1F3998FC23D6958700E6BBD9 /* SceneDelegate.swift */,
			);
			path = App;
			sourceTree = "<group>";
		};
		1F39992F23D6A06100E6BBD9 /* Views */ = {
			isa = PBXGroup;
			children = (
				1F39993023D6A0A400E6BBD9 /* OverviewView.swift */,
				FA80C79C23FD79B500E0331C /* Transaction */,
				FABE82A923FD7E05008A2A94 /* Editor */,
				FABE82A823FD7DFC008A2A94 /* Account */,
				FABE82AA23FD7E0D008A2A94 /* Statistic */,
			);
			path = Views;
			sourceTree = "<group>";
		};
		1F39995523D7F32600E6BBD9 /* Line */ = {
			isa = PBXGroup;
			children = (
				1F39992223D695EE00E6BBD9 /* LineChart.swift */,
				1F39992023D695EE00E6BBD9 /* Line.swift */,
				1F39993223D6D53200E6BBD9 /* QuadCurve.swift */,
				1F39992323D695EE00E6BBD9 /* Path+QuadCurve.swift */,
				1F39992823D6963600E6BBD9 /* Indicator.swift */,
			);
			path = Line;
			sourceTree = "<group>";
		};
		1F39995823D7F35300E6BBD9 /* Pie */ = {
			isa = PBXGroup;
			children = (
				1F39995D23D805C600E6BBD9 /* PieChart.swift */,
				1F39995623D7F34E00E6BBD9 /* Pie.swift */,
				1F39995923D7F75500E6BBD9 /* Slice.swift */,
				1F39995B23D7FCF500E6BBD9 /* Sector.swift */,
			);
			path = Pie;
			sourceTree = "<group>";
		};
		788863F023F2A3EE0037210B /* Redux */ = {
			isa = PBXGroup;
			children = (
				782403EF23F2E5FF00478338 /* Redux.swift */,
				788863F123F2A3F70037210B /* AppStore.swift */,
				788863EE23F2A3D00037210B /* AppState.swift */,
				788863F323F2A6320037210B /* AppReducer.swift */,
				782403EB23F2E48000478338 /* AppAction.swift */,
				788863F523F2A85D0037210B /* AppCommand.swift */,
				782403ED23F2E55100478338 /* AppError.swift */,
			);
			path = Redux;
			sourceTree = "<group>";
		};
		789E8E6A23E81093006D180B /* Models */ = {
			isa = PBXGroup;
			children = (
				789E8E6823E80FFC006D180B /* Transaction.swift */,
				789E8E6B23E810A6006D180B /* Account.swift */,
			);
			path = Models;
			sourceTree = "<group>";
		};
		FA80C79C23FD79B500E0331C /* Transaction */ = {
			isa = PBXGroup;
			children = (
				789E8E6F23EA96FC006D180B /* TransactionList.swift */,
				782403F323F6D79F00478338 /* TransactionRow.swift */,
				782403F523F6DBAF00478338 /* TransactionsView.swift */,
			);
			path = Transaction;
			sourceTree = "<group>";
		};
		FABE82A823FD7DFC008A2A94 /* Account */ = {
			isa = PBXGroup;
			children = (
				782403F723F83A6600478338 /* AccountDetail.swift */,
				FACF2A7923FFD2B7003BB675 /* AccountDetailList.swift */,
			);
			path = Account;
			sourceTree = "<group>";
		};
		FABE82A923FD7E05008A2A94 /* Editor */ = {
			isa = PBXGroup;
			children = (
				FACF2A7523FFCFA2003BB675 /* ComposerView.swift */,
				789E8E6623E807CA006D180B /* EditorView.swift */,
			);
			path = Editor;
			sourceTree = "<group>";
		};
		FABE82AA23FD7E0D008A2A94 /* Statistic */ = {
			isa = PBXGroup;
			children = (
				782403F123F5A3F300478338 /* StatisticsView.swift */,
				FACF2A7723FFD179003BB675 /* StatisticList.swift */,
			);
			path = Statistic;
			sourceTree = "<group>";
		};
/* End PBXGroup section */

/* Begin PBXNativeTarget section */
		1F3998F623D6958700E6BBD9 /* Alfheim */ = {
			isa = PBXNativeTarget;
			buildConfigurationList = 1F39991923D6958900E6BBD9 /* Build configuration list for PBXNativeTarget "Alfheim" */;
			buildPhases = (
				1F3998F323D6958700E6BBD9 /* Sources */,
				1F3998F423D6958700E6BBD9 /* Frameworks */,
				1F3998F523D6958700E6BBD9 /* Resources */,
			);
			buildRules = (
			);
			dependencies = (
			);
			name = Alfheim;
			productName = Alfheim;
			productReference = 1F3998F723D6958700E6BBD9 /* Alfheim.app */;
			productType = "com.apple.product-type.application";
		};
		1F39990F23D6958800E6BBD9 /* AlfheimTests */ = {
			isa = PBXNativeTarget;
			buildConfigurationList = 1F39991C23D6958900E6BBD9 /* Build configuration list for PBXNativeTarget "AlfheimTests" */;
			buildPhases = (
				1F39990C23D6958800E6BBD9 /* Sources */,
				1F39990D23D6958800E6BBD9 /* Frameworks */,
				1F39990E23D6958800E6BBD9 /* Resources */,
			);
			buildRules = (
			);
			dependencies = (
				1F39991223D6958800E6BBD9 /* PBXTargetDependency */,
			);
			name = AlfheimTests;
			productName = AlfheimTests;
			productReference = 1F39991023D6958800E6BBD9 /* AlfheimTests.xctest */;
			productType = "com.apple.product-type.bundle.unit-test";
		};
/* End PBXNativeTarget section */

/* Begin PBXProject section */
		1F3998EF23D6958700E6BBD9 /* Project object */ = {
			isa = PBXProject;
			attributes = {
				LastSwiftUpdateCheck = 1130;
				LastUpgradeCheck = 1130;
				ORGANIZATIONNAME = blessingsoft;
				TargetAttributes = {
					1F3998F623D6958700E6BBD9 = {
						CreatedOnToolsVersion = 11.3.1;
					};
					1F39990F23D6958800E6BBD9 = {
						CreatedOnToolsVersion = 11.3.1;
						TestTargetID = 1F3998F623D6958700E6BBD9;
					};
				};
			};
			buildConfigurationList = 1F3998F223D6958700E6BBD9 /* Build configuration list for PBXProject "Alfheim" */;
			compatibilityVersion = "Xcode 9.3";
			developmentRegion = en;
			hasScannedForEncodings = 0;
			knownRegions = (
				en,
				Base,
			);
			mainGroup = 1F3998EE23D6958700E6BBD9;
			productRefGroup = 1F3998F823D6958700E6BBD9 /* Products */;
			projectDirPath = "";
			projectRoot = "";
			targets = (
				1F3998F623D6958700E6BBD9 /* Alfheim */,
				1F39990F23D6958800E6BBD9 /* AlfheimTests */,
			);
		};
/* End PBXProject section */

/* Begin PBXResourcesBuildPhase section */
		1F3998F523D6958700E6BBD9 /* Resources */ = {
			isa = PBXResourcesBuildPhase;
			buildActionMask = 2147483647;
			files = (
				1F39990A23D6958800E6BBD9 /* LaunchScreen.storyboard in Resources */,
				1F39992D23D69C0700E6BBD9 /* Colors.xcassets in Resources */,
				1F39990723D6958800E6BBD9 /* Preview Assets.xcassets in Resources */,
				1F39990423D6958800E6BBD9 /* Assets.xcassets in Resources */,
			);
			runOnlyForDeploymentPostprocessing = 0;
		};
		1F39990E23D6958800E6BBD9 /* Resources */ = {
			isa = PBXResourcesBuildPhase;
			buildActionMask = 2147483647;
			files = (
			);
			runOnlyForDeploymentPostprocessing = 0;
		};
/* End PBXResourcesBuildPhase section */

/* Begin PBXSourcesBuildPhase section */
		1F3998F323D6958700E6BBD9 /* Sources */ = {
			isa = PBXSourcesBuildPhase;
			buildActionMask = 2147483647;
			files = (
				1F2379B523D83C2400B4E79E /* BarChart.swift in Sources */,
				782403F223F5A3F300478338 /* StatisticsView.swift in Sources */,
				1F39993123D6A0A400E6BBD9 /* OverviewView.swift in Sources */,
				1F3998FB23D6958700E6BBD9 /* AppDelegate.swift in Sources */,
				788863F223F2A3F70037210B /* AppStore.swift in Sources */,
				FACF2A7623FFCFA2003BB675 /* ComposerView.swift in Sources */,
				782403F623F6DBAF00478338 /* TransactionsView.swift in Sources */,
				782403EC23F2E48000478338 /* AppAction.swift in Sources */,
				1F2379B723D84C0E00B4E79E /* Piece.swift in Sources */,
				789E8E6723E807CA006D180B /* EditorView.swift in Sources */,
				789E8E7023EA96FC006D180B /* TransactionList.swift in Sources */,
				789E8E6C23E810A6006D180B /* Account.swift in Sources */,
				1F3998FD23D6958700E6BBD9 /* SceneDelegate.swift in Sources */,
				1F39995E23D805C600E6BBD9 /* PieChart.swift in Sources */,
				1F39992B23D697F700E6BBD9 /* UnitData.swift in Sources */,
				782403F423F6D79F00478338 /* TransactionRow.swift in Sources */,
				782403F023F2E5FF00478338 /* Redux.swift in Sources */,
				1F39993323D6D53200E6BBD9 /* QuadCurve.swift in Sources */,
				1F39992623D695EE00E6BBD9 /* LineChart.swift in Sources */,
				788863F423F2A6320037210B /* AppReducer.swift in Sources */,
				782403F823F83A6600478338 /* AccountDetail.swift in Sources */,
				1F39995C23D7FCF500E6BBD9 /* Sector.swift in Sources */,
				789E8E6923E80FFC006D180B /* Transaction.swift in Sources */,
				1F39990023D6958700E6BBD9 /* Alfheim.xcdatamodeld in Sources */,
				FACF2A7823FFD179003BB675 /* StatisticList.swift in Sources */,
				788863F623F2A85D0037210B /* AppCommand.swift in Sources */,
				1F39992423D695EE00E6BBD9 /* Line.swift in Sources */,
				782403EE23F2E55100478338 /* AppError.swift in Sources */,
				1F2379B323D83BD900B4E79E /* Bar.swift in Sources */,
				788863EF23F2A3D00037210B /* AppState.swift in Sources */,
				1F39995723D7F34E00E6BBD9 /* Pie.swift in Sources */,
				1F39992723D695EE00E6BBD9 /* Path+QuadCurve.swift in Sources */,
				FACF2A7A23FFD2B7003BB675 /* AccountDetailList.swift in Sources */,
				1F39995A23D7F75500E6BBD9 /* Slice.swift in Sources */,
				1F39992923D6963600E6BBD9 /* Indicator.swift in Sources */,
				1F1CF967240622A500828426 /* Shape+Divided.swift in Sources */,
			);
			runOnlyForDeploymentPostprocessing = 0;
		};
		1F39990C23D6958800E6BBD9 /* Sources */ = {
			isa = PBXSourcesBuildPhase;
			buildActionMask = 2147483647;
			files = (
				1F39991523D6958800E6BBD9 /* AlfheimTests.swift in Sources */,
			);
			runOnlyForDeploymentPostprocessing = 0;
		};
/* End PBXSourcesBuildPhase section */

/* Begin PBXTargetDependency section */
		1F39991223D6958800E6BBD9 /* PBXTargetDependency */ = {
			isa = PBXTargetDependency;
			target = 1F3998F623D6958700E6BBD9 /* Alfheim */;
			targetProxy = 1F39991123D6958800E6BBD9 /* PBXContainerItemProxy */;
		};
/* End PBXTargetDependency section */

/* Begin PBXVariantGroup section */
		1F39990823D6958800E6BBD9 /* LaunchScreen.storyboard */ = {
			isa = PBXVariantGroup;
			children = (
				1F39990923D6958800E6BBD9 /* Base */,
			);
			name = LaunchScreen.storyboard;
			sourceTree = "<group>";
		};
/* End PBXVariantGroup section */

/* Begin XCBuildConfiguration section */
		1F39991723D6958900E6BBD9 /* Debug */ = {
			isa = XCBuildConfiguration;
			buildSettings = {
				ALWAYS_SEARCH_USER_PATHS = NO;
				CLANG_ANALYZER_NONNULL = YES;
				CLANG_ANALYZER_NUMBER_OBJECT_CONVERSION = YES_AGGRESSIVE;
				CLANG_CXX_LANGUAGE_STANDARD = "gnu++14";
				CLANG_CXX_LIBRARY = "libc++";
				CLANG_ENABLE_MODULES = YES;
				CLANG_ENABLE_OBJC_ARC = YES;
				CLANG_ENABLE_OBJC_WEAK = YES;
				CLANG_WARN_BLOCK_CAPTURE_AUTORELEASING = YES;
				CLANG_WARN_BOOL_CONVERSION = YES;
				CLANG_WARN_COMMA = YES;
				CLANG_WARN_CONSTANT_CONVERSION = YES;
				CLANG_WARN_DEPRECATED_OBJC_IMPLEMENTATIONS = YES;
				CLANG_WARN_DIRECT_OBJC_ISA_USAGE = YES_ERROR;
				CLANG_WARN_DOCUMENTATION_COMMENTS = YES;
				CLANG_WARN_EMPTY_BODY = YES;
				CLANG_WARN_ENUM_CONVERSION = YES;
				CLANG_WARN_INFINITE_RECURSION = YES;
				CLANG_WARN_INT_CONVERSION = YES;
				CLANG_WARN_NON_LITERAL_NULL_CONVERSION = YES;
				CLANG_WARN_OBJC_IMPLICIT_RETAIN_SELF = YES;
				CLANG_WARN_OBJC_LITERAL_CONVERSION = YES;
				CLANG_WARN_OBJC_ROOT_CLASS = YES_ERROR;
				CLANG_WARN_RANGE_LOOP_ANALYSIS = YES;
				CLANG_WARN_STRICT_PROTOTYPES = YES;
				CLANG_WARN_SUSPICIOUS_MOVE = YES;
				CLANG_WARN_UNGUARDED_AVAILABILITY = YES_AGGRESSIVE;
				CLANG_WARN_UNREACHABLE_CODE = YES;
				CLANG_WARN__DUPLICATE_METHOD_MATCH = YES;
				COPY_PHASE_STRIP = NO;
				DEBUG_INFORMATION_FORMAT = dwarf;
				ENABLE_STRICT_OBJC_MSGSEND = YES;
				ENABLE_TESTABILITY = YES;
				GCC_C_LANGUAGE_STANDARD = gnu11;
				GCC_DYNAMIC_NO_PIC = NO;
				GCC_NO_COMMON_BLOCKS = YES;
				GCC_OPTIMIZATION_LEVEL = 0;
				GCC_PREPROCESSOR_DEFINITIONS = (
					"DEBUG=1",
					"$(inherited)",
				);
				GCC_WARN_64_TO_32_BIT_CONVERSION = YES;
				GCC_WARN_ABOUT_RETURN_TYPE = YES_ERROR;
				GCC_WARN_UNDECLARED_SELECTOR = YES;
				GCC_WARN_UNINITIALIZED_AUTOS = YES_AGGRESSIVE;
				GCC_WARN_UNUSED_FUNCTION = YES;
				GCC_WARN_UNUSED_VARIABLE = YES;
				IPHONEOS_DEPLOYMENT_TARGET = 13.2;
				MTL_ENABLE_DEBUG_INFO = INCLUDE_SOURCE;
				MTL_FAST_MATH = YES;
				ONLY_ACTIVE_ARCH = YES;
				SDKROOT = iphoneos;
				SWIFT_ACTIVE_COMPILATION_CONDITIONS = DEBUG;
				SWIFT_OPTIMIZATION_LEVEL = "-Onone";
			};
			name = Debug;
		};
		1F39991823D6958900E6BBD9 /* Release */ = {
			isa = XCBuildConfiguration;
			buildSettings = {
				ALWAYS_SEARCH_USER_PATHS = NO;
				CLANG_ANALYZER_NONNULL = YES;
				CLANG_ANALYZER_NUMBER_OBJECT_CONVERSION = YES_AGGRESSIVE;
				CLANG_CXX_LANGUAGE_STANDARD = "gnu++14";
				CLANG_CXX_LIBRARY = "libc++";
				CLANG_ENABLE_MODULES = YES;
				CLANG_ENABLE_OBJC_ARC = YES;
				CLANG_ENABLE_OBJC_WEAK = YES;
				CLANG_WARN_BLOCK_CAPTURE_AUTORELEASING = YES;
				CLANG_WARN_BOOL_CONVERSION = YES;
				CLANG_WARN_COMMA = YES;
				CLANG_WARN_CONSTANT_CONVERSION = YES;
				CLANG_WARN_DEPRECATED_OBJC_IMPLEMENTATIONS = YES;
				CLANG_WARN_DIRECT_OBJC_ISA_USAGE = YES_ERROR;
				CLANG_WARN_DOCUMENTATION_COMMENTS = YES;
				CLANG_WARN_EMPTY_BODY = YES;
				CLANG_WARN_ENUM_CONVERSION = YES;
				CLANG_WARN_INFINITE_RECURSION = YES;
				CLANG_WARN_INT_CONVERSION = YES;
				CLANG_WARN_NON_LITERAL_NULL_CONVERSION = YES;
				CLANG_WARN_OBJC_IMPLICIT_RETAIN_SELF = YES;
				CLANG_WARN_OBJC_LITERAL_CONVERSION = YES;
				CLANG_WARN_OBJC_ROOT_CLASS = YES_ERROR;
				CLANG_WARN_RANGE_LOOP_ANALYSIS = YES;
				CLANG_WARN_STRICT_PROTOTYPES = YES;
				CLANG_WARN_SUSPICIOUS_MOVE = YES;
				CLANG_WARN_UNGUARDED_AVAILABILITY = YES_AGGRESSIVE;
				CLANG_WARN_UNREACHABLE_CODE = YES;
				CLANG_WARN__DUPLICATE_METHOD_MATCH = YES;
				COPY_PHASE_STRIP = NO;
				DEBUG_INFORMATION_FORMAT = "dwarf-with-dsym";
				ENABLE_NS_ASSERTIONS = NO;
				ENABLE_STRICT_OBJC_MSGSEND = YES;
				GCC_C_LANGUAGE_STANDARD = gnu11;
				GCC_NO_COMMON_BLOCKS = YES;
				GCC_WARN_64_TO_32_BIT_CONVERSION = YES;
				GCC_WARN_ABOUT_RETURN_TYPE = YES_ERROR;
				GCC_WARN_UNDECLARED_SELECTOR = YES;
				GCC_WARN_UNINITIALIZED_AUTOS = YES_AGGRESSIVE;
				GCC_WARN_UNUSED_FUNCTION = YES;
				GCC_WARN_UNUSED_VARIABLE = YES;
				IPHONEOS_DEPLOYMENT_TARGET = 13.2;
				MTL_ENABLE_DEBUG_INFO = NO;
				MTL_FAST_MATH = YES;
				SDKROOT = iphoneos;
				SWIFT_COMPILATION_MODE = wholemodule;
				SWIFT_OPTIMIZATION_LEVEL = "-O";
				VALIDATE_PRODUCT = YES;
			};
			name = Release;
		};
		1F39991A23D6958900E6BBD9 /* Debug */ = {
			isa = XCBuildConfiguration;
			buildSettings = {
				ASSETCATALOG_COMPILER_APPICON_NAME = AppIcon;
				CODE_SIGN_STYLE = Automatic;
				DEVELOPMENT_ASSET_PATHS = "\"Alfheim/Preview Content\"";
				DEVELOPMENT_TEAM = DJ5N6T769K;
				ENABLE_PREVIEWS = YES;
				INFOPLIST_FILE = Alfheim/Info.plist;
				LD_RUNPATH_SEARCH_PATHS = (
					"$(inherited)",
					"@executable_path/Frameworks",
				);
				PRODUCT_BUNDLE_IDENTIFIER = com.xspyhack.Alfheim;
				PRODUCT_NAME = "$(TARGET_NAME)";
				SWIFT_VERSION = 5.0;
				TARGETED_DEVICE_FAMILY = "1,2";
			};
			name = Debug;
		};
		1F39991B23D6958900E6BBD9 /* Release */ = {
			isa = XCBuildConfiguration;
			buildSettings = {
				ASSETCATALOG_COMPILER_APPICON_NAME = AppIcon;
				CODE_SIGN_STYLE = Automatic;
				DEVELOPMENT_ASSET_PATHS = "\"Alfheim/Preview Content\"";
				DEVELOPMENT_TEAM = DJ5N6T769K;
				ENABLE_PREVIEWS = YES;
				INFOPLIST_FILE = Alfheim/Info.plist;
				LD_RUNPATH_SEARCH_PATHS = (
					"$(inherited)",
					"@executable_path/Frameworks",
				);
				PRODUCT_BUNDLE_IDENTIFIER = com.xspyhack.Alfheim;
				PRODUCT_NAME = "$(TARGET_NAME)";
				SWIFT_VERSION = 5.0;
				TARGETED_DEVICE_FAMILY = "1,2";
			};
			name = Release;
		};
		1F39991D23D6958900E6BBD9 /* Debug */ = {
			isa = XCBuildConfiguration;
			buildSettings = {
				ALWAYS_EMBED_SWIFT_STANDARD_LIBRARIES = YES;
				BUNDLE_LOADER = "$(TEST_HOST)";
				CODE_SIGN_STYLE = Automatic;
				DEVELOPMENT_TEAM = DJ5N6T769K;
				INFOPLIST_FILE = AlfheimTests/Info.plist;
				IPHONEOS_DEPLOYMENT_TARGET = 13.2;
				LD_RUNPATH_SEARCH_PATHS = (
					"$(inherited)",
					"@executable_path/Frameworks",
					"@loader_path/Frameworks",
				);
				PRODUCT_BUNDLE_IDENTIFIER = com.xspyhack.AlfheimTests;
				PRODUCT_NAME = "$(TARGET_NAME)";
				SWIFT_VERSION = 5.0;
				TARGETED_DEVICE_FAMILY = "1,2";
				TEST_HOST = "$(BUILT_PRODUCTS_DIR)/Alfheim.app/Alfheim";
			};
			name = Debug;
		};
		1F39991E23D6958900E6BBD9 /* Release */ = {
			isa = XCBuildConfiguration;
			buildSettings = {
				ALWAYS_EMBED_SWIFT_STANDARD_LIBRARIES = YES;
				BUNDLE_LOADER = "$(TEST_HOST)";
				CODE_SIGN_STYLE = Automatic;
				DEVELOPMENT_TEAM = DJ5N6T769K;
				INFOPLIST_FILE = AlfheimTests/Info.plist;
				IPHONEOS_DEPLOYMENT_TARGET = 13.2;
				LD_RUNPATH_SEARCH_PATHS = (
					"$(inherited)",
					"@executable_path/Frameworks",
					"@loader_path/Frameworks",
				);
				PRODUCT_BUNDLE_IDENTIFIER = com.xspyhack.AlfheimTests;
				PRODUCT_NAME = "$(TARGET_NAME)";
				SWIFT_VERSION = 5.0;
				TARGETED_DEVICE_FAMILY = "1,2";
				TEST_HOST = "$(BUILT_PRODUCTS_DIR)/Alfheim.app/Alfheim";
			};
			name = Release;
		};
/* End XCBuildConfiguration section */

/* Begin XCConfigurationList section */
		1F3998F223D6958700E6BBD9 /* Build configuration list for PBXProject "Alfheim" */ = {
			isa = XCConfigurationList;
			buildConfigurations = (
				1F39991723D6958900E6BBD9 /* Debug */,
				1F39991823D6958900E6BBD9 /* Release */,
			);
			defaultConfigurationIsVisible = 0;
			defaultConfigurationName = Release;
		};
		1F39991923D6958900E6BBD9 /* Build configuration list for PBXNativeTarget "Alfheim" */ = {
			isa = XCConfigurationList;
			buildConfigurations = (
				1F39991A23D6958900E6BBD9 /* Debug */,
				1F39991B23D6958900E6BBD9 /* Release */,
			);
			defaultConfigurationIsVisible = 0;
			defaultConfigurationName = Release;
		};
		1F39991C23D6958900E6BBD9 /* Build configuration list for PBXNativeTarget "AlfheimTests" */ = {
			isa = XCConfigurationList;
			buildConfigurations = (
				1F39991D23D6958900E6BBD9 /* Debug */,
				1F39991E23D6958900E6BBD9 /* Release */,
			);
			defaultConfigurationIsVisible = 0;
			defaultConfigurationName = Release;
		};
/* End XCConfigurationList section */

/* Begin XCVersionGroup section */
		1F3998FE23D6958700E6BBD9 /* Alfheim.xcdatamodeld */ = {
			isa = XCVersionGroup;
			children = (
				1F3998FF23D6958700E6BBD9 /* Alfheim.xcdatamodel */,
			);
			currentVersion = 1F3998FF23D6958700E6BBD9 /* Alfheim.xcdatamodel */;
			path = Alfheim.xcdatamodeld;
			sourceTree = "<group>";
			versionGroupType = wrapper.xcdatamodel;
		};
/* End XCVersionGroup section */
	};
	rootObject = 1F3998EF23D6958700E6BBD9 /* Project object */;
}
